// !$*UTF8*$!
{
	archiveVersion = 1;
	classes = {
	};
	objectVersion = 46;
	objects = {

/* Begin PBXBuildFile section */
		1C44F4021E75219200047DB9 /* CalendarViewController.swift in Sources */ = {isa = PBXBuildFile; fileRef = 1C44F4011E75219200047DB9 /* CalendarViewController.swift */; };
		1C55CA5A1E7539CC00825A0E /* FSCalendar in Resources */ = {isa = PBXBuildFile; fileRef = 1C55CA591E7539CC00825A0E /* FSCalendar */; };
		3E0280371E6AD4D9006A9936 /* GoogleService-Info.plist in Resources */ = {isa = PBXBuildFile; fileRef = 3E0280361E6AD4D9006A9936 /* GoogleService-Info.plist */; };
		3E2400E01E6FC3EB00371805 /* QuestionController.swift in Sources */ = {isa = PBXBuildFile; fileRef = 3E2400DF1E6FC3EB00371805 /* QuestionController.swift */; };
		3E2400E61E6FC81F00371805 /* Event.swift in Sources */ = {isa = PBXBuildFile; fileRef = 3E2400E51E6FC81F00371805 /* Event.swift */; };
		3E2400E81E6FC93D00371805 /* ViewEventDetailController.swift in Sources */ = {isa = PBXBuildFile; fileRef = 3E2400E71E6FC93D00371805 /* ViewEventDetailController.swift */; };
		3E2400EE1E6FFC1A00371805 /* Main.storyboard in Resources */ = {isa = PBXBuildFile; fileRef = 3E2400ED1E6FFC1A00371805 /* Main.storyboard */; };
		3E4AB8091E80AE7800467535 /* LoginViewUITests.swift in Sources */ = {isa = PBXBuildFile; fileRef = 3E4AB8061E80AE7800467535 /* LoginViewUITests.swift */; };
		3E4AB80A1E80AE7800467535 /* MainViewUITests.swift in Sources */ = {isa = PBXBuildFile; fileRef = 3E4AB8071E80AE7800467535 /* MainViewUITests.swift */; };
		3E4AB80B1E80AE7800467535 /* UITestCase.swift in Sources */ = {isa = PBXBuildFile; fileRef = 3E4AB8081E80AE7800467535 /* UITestCase.swift */; };
		3E4AB80D1E80EC6F00467535 /* CalendarUITest.swift in Sources */ = {isa = PBXBuildFile; fileRef = 3E4AB80C1E80EC6F00467535 /* CalendarUITest.swift */; };
		3EDD266A1E6B8EDF00729365 /* MainViewController.swift in Sources */ = {isa = PBXBuildFile; fileRef = 3EDD26691E6B8EDF00729365 /* MainViewController.swift */; };
		3EE1AFE11E7DDFDE002813AE /* BookFacilityViewController.swift in Sources */ = {isa = PBXBuildFile; fileRef = 3EE1AFE01E7DDFDE002813AE /* BookFacilityViewController.swift */; };
		3EE33E111E6CF92500C3379F /* User.swift in Sources */ = {isa = PBXBuildFile; fileRef = 3EE33E101E6CF92500C3379F /* User.swift */; };
		95107B051E451F42004F8461 /* AppDelegate.swift in Sources */ = {isa = PBXBuildFile; fileRef = 95107B041E451F42004F8461 /* AppDelegate.swift */; };
		95107B071E451F42004F8461 /* FindABuddyViewController.swift in Sources */ = {isa = PBXBuildFile; fileRef = 95107B061E451F42004F8461 /* FindABuddyViewController.swift */; };
		95107B091E451F42004F8461 /* BuddiesViewController.swift in Sources */ = {isa = PBXBuildFile; fileRef = 95107B081E451F42004F8461 /* BuddiesViewController.swift */; };
		95107B0E1E451F43004F8461 /* Assets.xcassets in Resources */ = {isa = PBXBuildFile; fileRef = 95107B0D1E451F43004F8461 /* Assets.xcassets */; };
		95107B111E451F43004F8461 /* LaunchScreen.storyboard in Resources */ = {isa = PBXBuildFile; fileRef = 95107B0F1E451F43004F8461 /* LaunchScreen.storyboard */; };
		95107B1C1E451F44004F8461 /* ACTIVESFUTests.swift in Sources */ = {isa = PBXBuildFile; fileRef = 95107B1B1E451F44004F8461 /* ACTIVESFUTests.swift */; };
		95107B271E451F44004F8461 /* ACTIVESFUUITests.swift in Sources */ = {isa = PBXBuildFile; fileRef = 95107B261E451F44004F8461 /* ACTIVESFUUITests.swift */; };
		95CA71611E7E5BC000D88AB4 /* LocationViewController.swift in Sources */ = {isa = PBXBuildFile; fileRef = 95CA71601E7E5BC000D88AB4 /* LocationViewController.swift */; };
		95CA71631E7E5C0500D88AB4 /* ProfileViewController.swift in Sources */ = {isa = PBXBuildFile; fileRef = 95CA71621E7E5C0500D88AB4 /* ProfileViewController.swift */; };
		95CA71761E7F12CC00D88AB4 /* GeoFire.m in Sources */ = {isa = PBXBuildFile; fileRef = 95CA716D1E7F12CC00D88AB4 /* GeoFire.m */; };
		95CA71771E7F12CC00D88AB4 /* GFBase32Utils.m in Sources */ = {isa = PBXBuildFile; fileRef = 95CA716F1E7F12CC00D88AB4 /* GFBase32Utils.m */; };
		95CA71781E7F12CC00D88AB4 /* GFGeoHash.m in Sources */ = {isa = PBXBuildFile; fileRef = 95CA71711E7F12CC00D88AB4 /* GFGeoHash.m */; };
		95CA71791E7F12CC00D88AB4 /* GFGeoHashQuery.m in Sources */ = {isa = PBXBuildFile; fileRef = 95CA71731E7F12CC00D88AB4 /* GFGeoHashQuery.m */; };
		95CA717A1E7F12CC00D88AB4 /* GFQuery.m in Sources */ = {isa = PBXBuildFile; fileRef = 95CA71751E7F12CC00D88AB4 /* GFQuery.m */; };
		95D894C71E6E6AD200E11F82 /* ChatUserCell.swift in Sources */ = {isa = PBXBuildFile; fileRef = 95D894C61E6E6AD200E11F82 /* ChatUserCell.swift */; };
		95D894C91E6E6B9200E11F82 /* Message.swift in Sources */ = {isa = PBXBuildFile; fileRef = 95D894C81E6E6B9200E11F82 /* Message.swift */; };
		95D894CB1E6E6C1B00E11F82 /* ChatInputContainer.swift in Sources */ = {isa = PBXBuildFile; fileRef = 95D894CA1E6E6C1B00E11F82 /* ChatInputContainer.swift */; };
		95D894CD1E6E6C4100E11F82 /* ChatMessageController.swift in Sources */ = {isa = PBXBuildFile; fileRef = 95D894CC1E6E6C4100E11F82 /* ChatMessageController.swift */; };
		95D894D11E6E6D8900E11F82 /* ChatLogController.swift in Sources */ = {isa = PBXBuildFile; fileRef = 95D894D01E6E6D8900E11F82 /* ChatLogController.swift */; };
		95D894D51E6E6E7000E11F82 /* CreateEventController.swift in Sources */ = {isa = PBXBuildFile; fileRef = 95D894D41E6E6E7000E11F82 /* CreateEventController.swift */; };
		95EFB39B1E654389006E8115 /* LoginViewController.swift in Sources */ = {isa = PBXBuildFile; fileRef = 95EFB39A1E654389006E8115 /* LoginViewController.swift */; };
		A3F721B988EEEA02E468F03B /* Pods_ACTIVESFU.framework in Frameworks */ = {isa = PBXBuildFile; fileRef = B3C6A9A122264A86839E1194 /* Pods_ACTIVESFU.framework */; };
		A553A3D7AD0E88AB564F9D49 /* Pods_ACTIVESFUUITests.framework in Frameworks */ = {isa = PBXBuildFile; fileRef = 2FD4FC07F1A113AF8524FAA8 /* Pods_ACTIVESFUUITests.framework */; };
		FB7AA21E436CBB972D03B7ED /* Pods_ACTIVESFUTests.framework in Frameworks */ = {isa = PBXBuildFile; fileRef = 013BB8A42E5FD0FE5F661B22 /* Pods_ACTIVESFUTests.framework */; };
/* End PBXBuildFile section */

/* Begin PBXContainerItemProxy section */
		95107B181E451F44004F8461 /* PBXContainerItemProxy */ = {
			isa = PBXContainerItemProxy;
			containerPortal = 95107AF91E451F41004F8461 /* Project object */;
			proxyType = 1;
			remoteGlobalIDString = 95107B001E451F41004F8461;
			remoteInfo = ACTIVESFU;
		};
		95107B231E451F44004F8461 /* PBXContainerItemProxy */ = {
			isa = PBXContainerItemProxy;
			containerPortal = 95107AF91E451F41004F8461 /* Project object */;
			proxyType = 1;
			remoteGlobalIDString = 95107B001E451F41004F8461;
			remoteInfo = ACTIVESFU;
		};
/* End PBXContainerItemProxy section */

/* Begin PBXFileReference section */
		013BB8A42E5FD0FE5F661B22 /* Pods_ACTIVESFUTests.framework */ = {isa = PBXFileReference; explicitFileType = wrapper.framework; includeInIndex = 0; path = Pods_ACTIVESFUTests.framework; sourceTree = BUILT_PRODUCTS_DIR; };
		1078E89B049A82869D7DB30A /* Pods-ACTIVESFUUITests.debug.xcconfig */ = {isa = PBXFileReference; includeInIndex = 1; lastKnownFileType = text.xcconfig; name = "Pods-ACTIVESFUUITests.debug.xcconfig"; path = "Pods/Target Support Files/Pods-ACTIVESFUUITests/Pods-ACTIVESFUUITests.debug.xcconfig"; sourceTree = "<group>"; };
		1C44F4011E75219200047DB9 /* CalendarViewController.swift */ = {isa = PBXFileReference; fileEncoding = 4; lastKnownFileType = sourcecode.swift; name = CalendarViewController.swift; path = FSCalendarSwiftExample/CalendarViewController.swift; sourceTree = "<group>"; };
		1C55CA581E75385100825A0E /* Objc-Bridge-Header.h */ = {isa = PBXFileReference; fileEncoding = 4; lastKnownFileType = sourcecode.c.h; path = "Objc-Bridge-Header.h"; sourceTree = "<group>"; };
		1C55CA591E7539CC00825A0E /* FSCalendar */ = {isa = PBXFileReference; lastKnownFileType = folder; path = FSCalendar; sourceTree = "<group>"; };
		2FD4FC07F1A113AF8524FAA8 /* Pods_ACTIVESFUUITests.framework */ = {isa = PBXFileReference; explicitFileType = wrapper.framework; includeInIndex = 0; path = Pods_ACTIVESFUUITests.framework; sourceTree = BUILT_PRODUCTS_DIR; };
		392372E78D7186AE0C5733F4 /* Pods-ACTIVESFUTests.debug.xcconfig */ = {isa = PBXFileReference; includeInIndex = 1; lastKnownFileType = text.xcconfig; name = "Pods-ACTIVESFUTests.debug.xcconfig"; path = "Pods/Target Support Files/Pods-ACTIVESFUTests/Pods-ACTIVESFUTests.debug.xcconfig"; sourceTree = "<group>"; };
		3E0280361E6AD4D9006A9936 /* GoogleService-Info.plist */ = {isa = PBXFileReference; fileEncoding = 4; lastKnownFileType = text.plist.xml; path = "GoogleService-Info.plist"; sourceTree = "<group>"; };
		3E2400DF1E6FC3EB00371805 /* QuestionController.swift */ = {isa = PBXFileReference; fileEncoding = 4; lastKnownFileType = sourcecode.swift; path = QuestionController.swift; sourceTree = "<group>"; };
		3E2400E51E6FC81F00371805 /* Event.swift */ = {isa = PBXFileReference; fileEncoding = 4; lastKnownFileType = sourcecode.swift; path = Event.swift; sourceTree = "<group>"; };
		3E2400E71E6FC93D00371805 /* ViewEventDetailController.swift */ = {isa = PBXFileReference; fileEncoding = 4; lastKnownFileType = sourcecode.swift; path = ViewEventDetailController.swift; sourceTree = "<group>"; };
		3E2400ED1E6FFC1A00371805 /* Main.storyboard */ = {isa = PBXFileReference; fileEncoding = 4; lastKnownFileType = file.storyboard; name = Main.storyboard; path = Base.lproj/Main.storyboard; sourceTree = "<group>"; };
		3E4AB8061E80AE7800467535 /* LoginViewUITests.swift */ = {isa = PBXFileReference; fileEncoding = 4; lastKnownFileType = sourcecode.swift; path = LoginViewUITests.swift; sourceTree = "<group>"; };
		3E4AB8071E80AE7800467535 /* MainViewUITests.swift */ = {isa = PBXFileReference; fileEncoding = 4; lastKnownFileType = sourcecode.swift; path = MainViewUITests.swift; sourceTree = "<group>"; };
		3E4AB8081E80AE7800467535 /* UITestCase.swift */ = {isa = PBXFileReference; fileEncoding = 4; lastKnownFileType = sourcecode.swift; path = UITestCase.swift; sourceTree = "<group>"; };
		3E4AB80C1E80EC6F00467535 /* CalendarUITest.swift */ = {isa = PBXFileReference; fileEncoding = 4; lastKnownFileType = sourcecode.swift; path = CalendarUITest.swift; sourceTree = "<group>"; };
		3EDD26691E6B8EDF00729365 /* MainViewController.swift */ = {isa = PBXFileReference; fileEncoding = 4; lastKnownFileType = sourcecode.swift; path = MainViewController.swift; sourceTree = "<group>"; };
		3EE1AFE01E7DDFDE002813AE /* BookFacilityViewController.swift */ = {isa = PBXFileReference; fileEncoding = 4; lastKnownFileType = sourcecode.swift; path = BookFacilityViewController.swift; sourceTree = "<group>"; };
		3EE25B4F1E6BC77E00952675 /* ACTIVESFU.entitlements */ = {isa = PBXFileReference; lastKnownFileType = text.plist.entitlements; path = ACTIVESFU.entitlements; sourceTree = "<group>"; };
		3EE33E101E6CF92500C3379F /* User.swift */ = {isa = PBXFileReference; fileEncoding = 4; lastKnownFileType = sourcecode.swift; name = User.swift; path = Models/User.swift; sourceTree = "<group>"; };
		95107B011E451F42004F8461 /* ACTIVESFU.app */ = {isa = PBXFileReference; explicitFileType = wrapper.application; includeInIndex = 0; path = ACTIVESFU.app; sourceTree = BUILT_PRODUCTS_DIR; };
		95107B041E451F42004F8461 /* AppDelegate.swift */ = {isa = PBXFileReference; lastKnownFileType = sourcecode.swift; path = AppDelegate.swift; sourceTree = "<group>"; };
		95107B061E451F42004F8461 /* FindABuddyViewController.swift */ = {isa = PBXFileReference; lastKnownFileType = sourcecode.swift; path = FindABuddyViewController.swift; sourceTree = "<group>"; };
		95107B081E451F42004F8461 /* BuddiesViewController.swift */ = {isa = PBXFileReference; lastKnownFileType = sourcecode.swift; path = BuddiesViewController.swift; sourceTree = "<group>"; };
		95107B0D1E451F43004F8461 /* Assets.xcassets */ = {isa = PBXFileReference; lastKnownFileType = folder.assetcatalog; path = Assets.xcassets; sourceTree = "<group>"; };
		95107B101E451F43004F8461 /* Base */ = {isa = PBXFileReference; lastKnownFileType = file.storyboard; name = Base; path = Base.lproj/LaunchScreen.storyboard; sourceTree = "<group>"; };
		95107B121E451F43004F8461 /* Info.plist */ = {isa = PBXFileReference; lastKnownFileType = text.plist.xml; path = Info.plist; sourceTree = "<group>"; };
		95107B171E451F44004F8461 /* ACTIVESFUTests.xctest */ = {isa = PBXFileReference; explicitFileType = wrapper.cfbundle; includeInIndex = 0; path = ACTIVESFUTests.xctest; sourceTree = BUILT_PRODUCTS_DIR; };
		95107B1B1E451F44004F8461 /* ACTIVESFUTests.swift */ = {isa = PBXFileReference; lastKnownFileType = sourcecode.swift; path = ACTIVESFUTests.swift; sourceTree = "<group>"; };
		95107B1D1E451F44004F8461 /* Info.plist */ = {isa = PBXFileReference; lastKnownFileType = text.plist.xml; path = Info.plist; sourceTree = "<group>"; };
		95107B221E451F44004F8461 /* ACTIVESFUUITests.xctest */ = {isa = PBXFileReference; explicitFileType = wrapper.cfbundle; includeInIndex = 0; path = ACTIVESFUUITests.xctest; sourceTree = BUILT_PRODUCTS_DIR; };
		95107B261E451F44004F8461 /* ACTIVESFUUITests.swift */ = {isa = PBXFileReference; lastKnownFileType = sourcecode.swift; path = ACTIVESFUUITests.swift; sourceTree = "<group>"; };
		95107B281E451F44004F8461 /* Info.plist */ = {isa = PBXFileReference; lastKnownFileType = text.plist.xml; path = Info.plist; sourceTree = "<group>"; };
		95CA71601E7E5BC000D88AB4 /* LocationViewController.swift */ = {isa = PBXFileReference; fileEncoding = 4; lastKnownFileType = sourcecode.swift; path = LocationViewController.swift; sourceTree = "<group>"; };
		95CA71621E7E5C0500D88AB4 /* ProfileViewController.swift */ = {isa = PBXFileReference; fileEncoding = 4; lastKnownFileType = sourcecode.swift; path = ProfileViewController.swift; sourceTree = "<group>"; };
		95CA71661E7F12CC00D88AB4 /* GeoFire.h */ = {isa = PBXFileReference; fileEncoding = 4; lastKnownFileType = sourcecode.c.h; path = GeoFire.h; sourceTree = "<group>"; };
		95CA71671E7F12CC00D88AB4 /* GFCircleQuery.h */ = {isa = PBXFileReference; fileEncoding = 4; lastKnownFileType = sourcecode.c.h; path = GFCircleQuery.h; sourceTree = "<group>"; };
		95CA71681E7F12CC00D88AB4 /* GFQuery.h */ = {isa = PBXFileReference; fileEncoding = 4; lastKnownFileType = sourcecode.c.h; path = GFQuery.h; sourceTree = "<group>"; };
		95CA71691E7F12CC00D88AB4 /* GFRegionQuery.h */ = {isa = PBXFileReference; fileEncoding = 4; lastKnownFileType = sourcecode.c.h; path = GFRegionQuery.h; sourceTree = "<group>"; };
		95CA716A1E7F12CC00D88AB4 /* GeoFire-Prefix.pch */ = {isa = PBXFileReference; fileEncoding = 4; lastKnownFileType = sourcecode.c.h; path = "GeoFire-Prefix.pch"; sourceTree = "<group>"; };
		95CA716C1E7F12CC00D88AB4 /* GeoFire+Private.h */ = {isa = PBXFileReference; fileEncoding = 4; lastKnownFileType = sourcecode.c.h; path = "GeoFire+Private.h"; sourceTree = "<group>"; };
		95CA716D1E7F12CC00D88AB4 /* GeoFire.m */ = {isa = PBXFileReference; fileEncoding = 4; lastKnownFileType = sourcecode.c.objc; path = GeoFire.m; sourceTree = "<group>"; };
		95CA716E1E7F12CC00D88AB4 /* GFBase32Utils.h */ = {isa = PBXFileReference; fileEncoding = 4; lastKnownFileType = sourcecode.c.h; path = GFBase32Utils.h; sourceTree = "<group>"; };
		95CA716F1E7F12CC00D88AB4 /* GFBase32Utils.m */ = {isa = PBXFileReference; fileEncoding = 4; lastKnownFileType = sourcecode.c.objc; path = GFBase32Utils.m; sourceTree = "<group>"; };
		95CA71701E7F12CC00D88AB4 /* GFGeoHash.h */ = {isa = PBXFileReference; fileEncoding = 4; lastKnownFileType = sourcecode.c.h; path = GFGeoHash.h; sourceTree = "<group>"; };
		95CA71711E7F12CC00D88AB4 /* GFGeoHash.m */ = {isa = PBXFileReference; fileEncoding = 4; lastKnownFileType = sourcecode.c.objc; path = GFGeoHash.m; sourceTree = "<group>"; };
		95CA71721E7F12CC00D88AB4 /* GFGeoHashQuery.h */ = {isa = PBXFileReference; fileEncoding = 4; lastKnownFileType = sourcecode.c.h; path = GFGeoHashQuery.h; sourceTree = "<group>"; };
		95CA71731E7F12CC00D88AB4 /* GFGeoHashQuery.m */ = {isa = PBXFileReference; fileEncoding = 4; lastKnownFileType = sourcecode.c.objc; path = GFGeoHashQuery.m; sourceTree = "<group>"; };
		95CA71741E7F12CC00D88AB4 /* GFQuery+Private.h */ = {isa = PBXFileReference; fileEncoding = 4; lastKnownFileType = sourcecode.c.h; path = "GFQuery+Private.h"; sourceTree = "<group>"; };
		95CA71751E7F12CC00D88AB4 /* GFQuery.m */ = {isa = PBXFileReference; fileEncoding = 4; lastKnownFileType = sourcecode.c.objc; path = GFQuery.m; sourceTree = "<group>"; };
		95D894C61E6E6AD200E11F82 /* ChatUserCell.swift */ = {isa = PBXFileReference; fileEncoding = 4; lastKnownFileType = sourcecode.swift; path = ChatUserCell.swift; sourceTree = "<group>"; };
		95D894C81E6E6B9200E11F82 /* Message.swift */ = {isa = PBXFileReference; fileEncoding = 4; lastKnownFileType = sourcecode.swift; name = Message.swift; path = Models/Message.swift; sourceTree = "<group>"; };
		95D894CA1E6E6C1B00E11F82 /* ChatInputContainer.swift */ = {isa = PBXFileReference; fileEncoding = 4; lastKnownFileType = sourcecode.swift; path = ChatInputContainer.swift; sourceTree = "<group>"; };
		95D894CC1E6E6C4100E11F82 /* ChatMessageController.swift */ = {isa = PBXFileReference; fileEncoding = 4; lastKnownFileType = sourcecode.swift; name = ChatMessageController.swift; path = Models/ChatMessageController.swift; sourceTree = "<group>"; };
		95D894D01E6E6D8900E11F82 /* ChatLogController.swift */ = {isa = PBXFileReference; fileEncoding = 4; lastKnownFileType = sourcecode.swift; path = ChatLogController.swift; sourceTree = "<group>"; };
		95D894D41E6E6E7000E11F82 /* CreateEventController.swift */ = {isa = PBXFileReference; fileEncoding = 4; lastKnownFileType = sourcecode.swift; path = CreateEventController.swift; sourceTree = "<group>"; };
		95EFB39A1E654389006E8115 /* LoginViewController.swift */ = {isa = PBXFileReference; fileEncoding = 4; lastKnownFileType = sourcecode.swift; path = LoginViewController.swift; sourceTree = "<group>"; };
		B3C6A9A122264A86839E1194 /* Pods_ACTIVESFU.framework */ = {isa = PBXFileReference; explicitFileType = wrapper.framework; includeInIndex = 0; path = Pods_ACTIVESFU.framework; sourceTree = BUILT_PRODUCTS_DIR; };
		D1D7DEB50C172A2C05546CBB /* Pods-ACTIVESFUUITests.release.xcconfig */ = {isa = PBXFileReference; includeInIndex = 1; lastKnownFileType = text.xcconfig; name = "Pods-ACTIVESFUUITests.release.xcconfig"; path = "Pods/Target Support Files/Pods-ACTIVESFUUITests/Pods-ACTIVESFUUITests.release.xcconfig"; sourceTree = "<group>"; };
		E025E92FA2FAD172EC664369 /* Pods-ACTIVESFU.debug.xcconfig */ = {isa = PBXFileReference; includeInIndex = 1; lastKnownFileType = text.xcconfig; name = "Pods-ACTIVESFU.debug.xcconfig"; path = "Pods/Target Support Files/Pods-ACTIVESFU/Pods-ACTIVESFU.debug.xcconfig"; sourceTree = "<group>"; };
		F49C0F919B3C10E5653E27D7 /* Pods-ACTIVESFUTests.release.xcconfig */ = {isa = PBXFileReference; includeInIndex = 1; lastKnownFileType = text.xcconfig; name = "Pods-ACTIVESFUTests.release.xcconfig"; path = "Pods/Target Support Files/Pods-ACTIVESFUTests/Pods-ACTIVESFUTests.release.xcconfig"; sourceTree = "<group>"; };
		FF85CF8795E2223190EA267B /* Pods-ACTIVESFU.release.xcconfig */ = {isa = PBXFileReference; includeInIndex = 1; lastKnownFileType = text.xcconfig; name = "Pods-ACTIVESFU.release.xcconfig"; path = "Pods/Target Support Files/Pods-ACTIVESFU/Pods-ACTIVESFU.release.xcconfig"; sourceTree = "<group>"; };
/* End PBXFileReference section */

/* Begin PBXFrameworksBuildPhase section */
		95107AFE1E451F41004F8461 /* Frameworks */ = {
			isa = PBXFrameworksBuildPhase;
			buildActionMask = 2147483647;
			files = (
				A3F721B988EEEA02E468F03B /* Pods_ACTIVESFU.framework in Frameworks */,
			);
			runOnlyForDeploymentPostprocessing = 0;
		};
		95107B141E451F44004F8461 /* Frameworks */ = {
			isa = PBXFrameworksBuildPhase;
			buildActionMask = 2147483647;
			files = (
				FB7AA21E436CBB972D03B7ED /* Pods_ACTIVESFUTests.framework in Frameworks */,
			);
			runOnlyForDeploymentPostprocessing = 0;
		};
		95107B1F1E451F44004F8461 /* Frameworks */ = {
			isa = PBXFrameworksBuildPhase;
			buildActionMask = 2147483647;
			files = (
				A553A3D7AD0E88AB564F9D49 /* Pods_ACTIVESFUUITests.framework in Frameworks */,
			);
			runOnlyForDeploymentPostprocessing = 0;
		};
/* End PBXFrameworksBuildPhase section */

/* Begin PBXGroup section */
		3EE33E121E6CF94800C3379F /* Models */ = {
			isa = PBXGroup;
			children = (
				3E2400E51E6FC81F00371805 /* Event.swift */,
				3EE33E101E6CF92500C3379F /* User.swift */,
				95D894CA1E6E6C1B00E11F82 /* ChatInputContainer.swift */,
				95D894CC1E6E6C4100E11F82 /* ChatMessageController.swift */,
				95D894C81E6E6B9200E11F82 /* Message.swift */,
			);
			name = Models;
			sourceTree = "<group>";
		};
		5746A43F7B6BE8F4522BD03D /* Frameworks */ = {
			isa = PBXGroup;
			children = (
				B3C6A9A122264A86839E1194 /* Pods_ACTIVESFU.framework */,
				013BB8A42E5FD0FE5F661B22 /* Pods_ACTIVESFUTests.framework */,
				2FD4FC07F1A113AF8524FAA8 /* Pods_ACTIVESFUUITests.framework */,
			);
			name = Frameworks;
			sourceTree = "<group>";
		};
		95107AF81E451F41004F8461 = {
			isa = PBXGroup;
			children = (
				3E0280361E6AD4D9006A9936 /* GoogleService-Info.plist */,
				95107B031E451F42004F8461 /* ACTIVESFU */,
				95107B1A1E451F44004F8461 /* ACTIVESFUTests */,
				95107B251E451F44004F8461 /* ACTIVESFUUITests */,
				95107B021E451F42004F8461 /* Products */,
				BD3B4DFC193E312540CCEC9D /* Pods */,
				5746A43F7B6BE8F4522BD03D /* Frameworks */,
			);
			sourceTree = "<group>";
		};
		95107B021E451F42004F8461 /* Products */ = {
			isa = PBXGroup;
			children = (
				95107B011E451F42004F8461 /* ACTIVESFU.app */,
				95107B171E451F44004F8461 /* ACTIVESFUTests.xctest */,
				95107B221E451F44004F8461 /* ACTIVESFUUITests.xctest */,
			);
			name = Products;
			sourceTree = "<group>";
		};
		95107B031E451F42004F8461 /* ACTIVESFU */ = {
			isa = PBXGroup;
			children = (
				95CA71641E7F12CC00D88AB4 /* GeoFire */,
				1C55CA591E7539CC00825A0E /* FSCalendar */,
				3EE25B4F1E6BC77E00952675 /* ACTIVESFU.entitlements */,
				3EDD26691E6B8EDF00729365 /* MainViewController.swift */,
				95107B041E451F42004F8461 /* AppDelegate.swift */,
				95107B061E451F42004F8461 /* FindABuddyViewController.swift */,
				3E2400ED1E6FFC1A00371805 /* Main.storyboard */,
				95107B081E451F42004F8461 /* BuddiesViewController.swift */,
				95CA71601E7E5BC000D88AB4 /* LocationViewController.swift */,
				95CA71621E7E5C0500D88AB4 /* ProfileViewController.swift */,
				1C44F4011E75219200047DB9 /* CalendarViewController.swift */,
				1C55CA581E75385100825A0E /* Objc-Bridge-Header.h */,
				3E2400E71E6FC93D00371805 /* ViewEventDetailController.swift */,
				95D894D41E6E6E7000E11F82 /* CreateEventController.swift */,
				95EFB39A1E654389006E8115 /* LoginViewController.swift */,
				3E2400DF1E6FC3EB00371805 /* QuestionController.swift */,
				3EE1AFE01E7DDFDE002813AE /* BookFacilityViewController.swift */,
				95D894C61E6E6AD200E11F82 /* ChatUserCell.swift */,
				95D894D01E6E6D8900E11F82 /* ChatLogController.swift */,
				3EE33E121E6CF94800C3379F /* Models */,
				95107B0D1E451F43004F8461 /* Assets.xcassets */,
				95107B0F1E451F43004F8461 /* LaunchScreen.storyboard */,
				95107B121E451F43004F8461 /* Info.plist */,
			);
			path = ACTIVESFU;
			sourceTree = "<group>";
		};
		95107B1A1E451F44004F8461 /* ACTIVESFUTests */ = {
			isa = PBXGroup;
			children = (
				95107B1B1E451F44004F8461 /* ACTIVESFUTests.swift */,
				95107B1D1E451F44004F8461 /* Info.plist */,
			);
			path = ACTIVESFUTests;
			sourceTree = "<group>";
		};
		95107B251E451F44004F8461 /* ACTIVESFUUITests */ = {
			isa = PBXGroup;
			children = (
				3E4AB8061E80AE7800467535 /* LoginViewUITests.swift */,
				3E4AB8071E80AE7800467535 /* MainViewUITests.swift */,
				3E4AB8081E80AE7800467535 /* UITestCase.swift */,
				95107B261E451F44004F8461 /* ACTIVESFUUITests.swift */,
				95107B281E451F44004F8461 /* Info.plist */,
				3E4AB80C1E80EC6F00467535 /* CalendarUITest.swift */,
			);
			path = ACTIVESFUUITests;
			sourceTree = "<group>";
		};
		95CA71641E7F12CC00D88AB4 /* GeoFire */ = {
			isa = PBXGroup;
			children = (
				95CA71651E7F12CC00D88AB4 /* API */,
				95CA716A1E7F12CC00D88AB4 /* GeoFire-Prefix.pch */,
				95CA716B1E7F12CC00D88AB4 /* Implementation */,
			);
			path = GeoFire;
			sourceTree = "<group>";
		};
		95CA71651E7F12CC00D88AB4 /* API */ = {
			isa = PBXGroup;
			children = (
				95CA71661E7F12CC00D88AB4 /* GeoFire.h */,
				95CA71671E7F12CC00D88AB4 /* GFCircleQuery.h */,
				95CA71681E7F12CC00D88AB4 /* GFQuery.h */,
				95CA71691E7F12CC00D88AB4 /* GFRegionQuery.h */,
			);
			path = API;
			sourceTree = "<group>";
		};
		95CA716B1E7F12CC00D88AB4 /* Implementation */ = {
			isa = PBXGroup;
			children = (
				95CA716C1E7F12CC00D88AB4 /* GeoFire+Private.h */,
				95CA716D1E7F12CC00D88AB4 /* GeoFire.m */,
				95CA716E1E7F12CC00D88AB4 /* GFBase32Utils.h */,
				95CA716F1E7F12CC00D88AB4 /* GFBase32Utils.m */,
				95CA71701E7F12CC00D88AB4 /* GFGeoHash.h */,
				95CA71711E7F12CC00D88AB4 /* GFGeoHash.m */,
				95CA71721E7F12CC00D88AB4 /* GFGeoHashQuery.h */,
				95CA71731E7F12CC00D88AB4 /* GFGeoHashQuery.m */,
				95CA71741E7F12CC00D88AB4 /* GFQuery+Private.h */,
				95CA71751E7F12CC00D88AB4 /* GFQuery.m */,
			);
			path = Implementation;
			sourceTree = "<group>";
		};
		BD3B4DFC193E312540CCEC9D /* Pods */ = {
			isa = PBXGroup;
			children = (
				E025E92FA2FAD172EC664369 /* Pods-ACTIVESFU.debug.xcconfig */,
				FF85CF8795E2223190EA267B /* Pods-ACTIVESFU.release.xcconfig */,
				392372E78D7186AE0C5733F4 /* Pods-ACTIVESFUTests.debug.xcconfig */,
				F49C0F919B3C10E5653E27D7 /* Pods-ACTIVESFUTests.release.xcconfig */,
				1078E89B049A82869D7DB30A /* Pods-ACTIVESFUUITests.debug.xcconfig */,
				D1D7DEB50C172A2C05546CBB /* Pods-ACTIVESFUUITests.release.xcconfig */,
			);
			name = Pods;
			sourceTree = "<group>";
		};
/* End PBXGroup section */

/* Begin PBXNativeTarget section */
		95107B001E451F41004F8461 /* ACTIVESFU */ = {
			isa = PBXNativeTarget;
			buildConfigurationList = 95107B2B1E451F44004F8461 /* Build configuration list for PBXNativeTarget "ACTIVESFU" */;
			buildPhases = (
				E6ECA5DCAB4376DC573BDA11 /* [CP] Check Pods Manifest.lock */,
				95107AFD1E451F41004F8461 /* Sources */,
				95107AFE1E451F41004F8461 /* Frameworks */,
				95107AFF1E451F41004F8461 /* Resources */,
				3DC307F7911DD1A79B551875 /* [CP] Embed Pods Frameworks */,
				5643A1FEF79AEDA32EC625BF /* [CP] Copy Pods Resources */,
			);
			buildRules = (
			);
			dependencies = (
			);
			name = ACTIVESFU;
			productName = ACTIVESFU;
			productReference = 95107B011E451F42004F8461 /* ACTIVESFU.app */;
			productType = "com.apple.product-type.application";
		};
		95107B161E451F44004F8461 /* ACTIVESFUTests */ = {
			isa = PBXNativeTarget;
			buildConfigurationList = 95107B2E1E451F44004F8461 /* Build configuration list for PBXNativeTarget "ACTIVESFUTests" */;
			buildPhases = (
				BB2EA792A0A4A79F0A692F51 /* [CP] Check Pods Manifest.lock */,
				95107B131E451F44004F8461 /* Sources */,
				95107B141E451F44004F8461 /* Frameworks */,
				95107B151E451F44004F8461 /* Resources */,
				F7084E579D0F61FB885492B5 /* [CP] Embed Pods Frameworks */,
				AC500D92112B043B8D65F21A /* [CP] Copy Pods Resources */,
			);
			buildRules = (
			);
			dependencies = (
				95107B191E451F44004F8461 /* PBXTargetDependency */,
			);
			name = ACTIVESFUTests;
			productName = ACTIVESFUTests;
			productReference = 95107B171E451F44004F8461 /* ACTIVESFUTests.xctest */;
			productType = "com.apple.product-type.bundle.unit-test";
		};
		95107B211E451F44004F8461 /* ACTIVESFUUITests */ = {
			isa = PBXNativeTarget;
			buildConfigurationList = 95107B311E451F44004F8461 /* Build configuration list for PBXNativeTarget "ACTIVESFUUITests" */;
			buildPhases = (
				E8C449169FFFFB315037DCA1 /* [CP] Check Pods Manifest.lock */,
				95107B1E1E451F44004F8461 /* Sources */,
				95107B1F1E451F44004F8461 /* Frameworks */,
				95107B201E451F44004F8461 /* Resources */,
				BCC2FF53A5975DAE118E2DF2 /* [CP] Copy Pods Resources */,
				5DDF4AC7975BFB1BDA24F943 /* [CP] Embed Pods Frameworks */,
			);
			buildRules = (
			);
			dependencies = (
				95107B241E451F44004F8461 /* PBXTargetDependency */,
			);
			name = ACTIVESFUUITests;
			productName = ACTIVESFUUITests;
			productReference = 95107B221E451F44004F8461 /* ACTIVESFUUITests.xctest */;
			productType = "com.apple.product-type.bundle.ui-testing";
		};
/* End PBXNativeTarget section */

/* Begin PBXProject section */
		95107AF91E451F41004F8461 /* Project object */ = {
			isa = PBXProject;
			attributes = {
				LastSwiftUpdateCheck = 0820;
				LastUpgradeCheck = 0820;
				ORGANIZATIONNAME = "CMPT276 Group 10";
				TargetAttributes = {
					95107B001E451F41004F8461 = {
						CreatedOnToolsVersion = 8.2.1;
						ProvisioningStyle = Automatic;
						SystemCapabilities = {
							com.apple.Keychain = {
								enabled = 1;
							};
						};
					};
					95107B161E451F44004F8461 = {
						CreatedOnToolsVersion = 8.2.1;
						DevelopmentTeam = HWF627ABEC;
						ProvisioningStyle = Automatic;
						TestTargetID = 95107B001E451F41004F8461;
					};
					95107B211E451F44004F8461 = {
						CreatedOnToolsVersion = 8.2.1;
						DevelopmentTeam = HWF627ABEC;
						ProvisioningStyle = Automatic;
						TestTargetID = 95107B001E451F41004F8461;
					};
				};
			};
			buildConfigurationList = 95107AFC1E451F41004F8461 /* Build configuration list for PBXProject "ACTIVESFU" */;
			compatibilityVersion = "Xcode 3.2";
			developmentRegion = English;
			hasScannedForEncodings = 0;
			knownRegions = (
				en,
				Base,
			);
			mainGroup = 95107AF81E451F41004F8461;
			productRefGroup = 95107B021E451F42004F8461 /* Products */;
			projectDirPath = "";
			projectRoot = "";
			targets = (
				95107B001E451F41004F8461 /* ACTIVESFU */,
				95107B161E451F44004F8461 /* ACTIVESFUTests */,
				95107B211E451F44004F8461 /* ACTIVESFUUITests */,
			);
		};
/* End PBXProject section */

/* Begin PBXResourcesBuildPhase section */
		95107AFF1E451F41004F8461 /* Resources */ = {
			isa = PBXResourcesBuildPhase;
			buildActionMask = 2147483647;
			files = (
				95107B111E451F43004F8461 /* LaunchScreen.storyboard in Resources */,
				1C55CA5A1E7539CC00825A0E /* FSCalendar in Resources */,
				95107B0E1E451F43004F8461 /* Assets.xcassets in Resources */,
				3E2400EE1E6FFC1A00371805 /* Main.storyboard in Resources */,
				3E0280371E6AD4D9006A9936 /* GoogleService-Info.plist in Resources */,
			);
			runOnlyForDeploymentPostprocessing = 0;
		};
		95107B151E451F44004F8461 /* Resources */ = {
			isa = PBXResourcesBuildPhase;
			buildActionMask = 2147483647;
			files = (
			);
			runOnlyForDeploymentPostprocessing = 0;
		};
		95107B201E451F44004F8461 /* Resources */ = {
			isa = PBXResourcesBuildPhase;
			buildActionMask = 2147483647;
			files = (
			);
			runOnlyForDeploymentPostprocessing = 0;
		};
/* End PBXResourcesBuildPhase section */

/* Begin PBXShellScriptBuildPhase section */
		3DC307F7911DD1A79B551875 /* [CP] Embed Pods Frameworks */ = {
			isa = PBXShellScriptBuildPhase;
			buildActionMask = 2147483647;
			files = (
			);
			inputPaths = (
			);
			name = "[CP] Embed Pods Frameworks";
			outputPaths = (
			);
			runOnlyForDeploymentPostprocessing = 0;
			shellPath = /bin/sh;
			shellScript = "\"${SRCROOT}/Pods/Target Support Files/Pods-ACTIVESFU/Pods-ACTIVESFU-frameworks.sh\"\n";
			showEnvVarsInLog = 0;
		};
		5643A1FEF79AEDA32EC625BF /* [CP] Copy Pods Resources */ = {
			isa = PBXShellScriptBuildPhase;
			buildActionMask = 2147483647;
			files = (
			);
			inputPaths = (
			);
			name = "[CP] Copy Pods Resources";
			outputPaths = (
			);
			runOnlyForDeploymentPostprocessing = 0;
			shellPath = /bin/sh;
			shellScript = "\"${SRCROOT}/Pods/Target Support Files/Pods-ACTIVESFU/Pods-ACTIVESFU-resources.sh\"\n";
			showEnvVarsInLog = 0;
		};
		5DDF4AC7975BFB1BDA24F943 /* [CP] Embed Pods Frameworks */ = {
			isa = PBXShellScriptBuildPhase;
			buildActionMask = 2147483647;
			files = (
			);
			inputPaths = (
			);
			name = "[CP] Embed Pods Frameworks";
			outputPaths = (
			);
			runOnlyForDeploymentPostprocessing = 0;
			shellPath = /bin/sh;
			shellScript = "\"${SRCROOT}/Pods/Target Support Files/Pods-ACTIVESFUUITests/Pods-ACTIVESFUUITests-frameworks.sh\"\n";
			showEnvVarsInLog = 0;
		};
		AC500D92112B043B8D65F21A /* [CP] Copy Pods Resources */ = {
			isa = PBXShellScriptBuildPhase;
			buildActionMask = 2147483647;
			files = (
			);
			inputPaths = (
			);
			name = "[CP] Copy Pods Resources";
			outputPaths = (
			);
			runOnlyForDeploymentPostprocessing = 0;
			shellPath = /bin/sh;
			shellScript = "\"${SRCROOT}/Pods/Target Support Files/Pods-ACTIVESFUTests/Pods-ACTIVESFUTests-resources.sh\"\n";
			showEnvVarsInLog = 0;
		};
		BB2EA792A0A4A79F0A692F51 /* [CP] Check Pods Manifest.lock */ = {
			isa = PBXShellScriptBuildPhase;
			buildActionMask = 2147483647;
			files = (
			);
			inputPaths = (
			);
			name = "[CP] Check Pods Manifest.lock";
			outputPaths = (
			);
			runOnlyForDeploymentPostprocessing = 0;
			shellPath = /bin/sh;
			shellScript = "diff \"${PODS_ROOT}/../Podfile.lock\" \"${PODS_ROOT}/Manifest.lock\" > /dev/null\nif [[ $? != 0 ]] ; then\n    cat << EOM\nerror: The sandbox is not in sync with the Podfile.lock. Run 'pod install' or update your CocoaPods installation.\nEOM\n    exit 1\nfi\n";
			showEnvVarsInLog = 0;
		};
		BCC2FF53A5975DAE118E2DF2 /* [CP] Copy Pods Resources */ = {
			isa = PBXShellScriptBuildPhase;
			buildActionMask = 2147483647;
			files = (
			);
			inputPaths = (
			);
			name = "[CP] Copy Pods Resources";
			outputPaths = (
			);
			runOnlyForDeploymentPostprocessing = 0;
			shellPath = /bin/sh;
			shellScript = "\"${SRCROOT}/Pods/Target Support Files/Pods-ACTIVESFUUITests/Pods-ACTIVESFUUITests-resources.sh\"\n";
			showEnvVarsInLog = 0;
		};
		E6ECA5DCAB4376DC573BDA11 /* [CP] Check Pods Manifest.lock */ = {
			isa = PBXShellScriptBuildPhase;
			buildActionMask = 2147483647;
			files = (
			);
			inputPaths = (
			);
			name = "[CP] Check Pods Manifest.lock";
			outputPaths = (
			);
			runOnlyForDeploymentPostprocessing = 0;
			shellPath = /bin/sh;
			shellScript = "diff \"${PODS_ROOT}/../Podfile.lock\" \"${PODS_ROOT}/Manifest.lock\" > /dev/null\nif [[ $? != 0 ]] ; then\n    cat << EOM\nerror: The sandbox is not in sync with the Podfile.lock. Run 'pod install' or update your CocoaPods installation.\nEOM\n    exit 1\nfi\n";
			showEnvVarsInLog = 0;
		};
		E8C449169FFFFB315037DCA1 /* [CP] Check Pods Manifest.lock */ = {
			isa = PBXShellScriptBuildPhase;
			buildActionMask = 2147483647;
			files = (
			);
			inputPaths = (
			);
			name = "[CP] Check Pods Manifest.lock";
			outputPaths = (
			);
			runOnlyForDeploymentPostprocessing = 0;
			shellPath = /bin/sh;
			shellScript = "diff \"${PODS_ROOT}/../Podfile.lock\" \"${PODS_ROOT}/Manifest.lock\" > /dev/null\nif [[ $? != 0 ]] ; then\n    cat << EOM\nerror: The sandbox is not in sync with the Podfile.lock. Run 'pod install' or update your CocoaPods installation.\nEOM\n    exit 1\nfi\n";
			showEnvVarsInLog = 0;
		};
		F7084E579D0F61FB885492B5 /* [CP] Embed Pods Frameworks */ = {
			isa = PBXShellScriptBuildPhase;
			buildActionMask = 2147483647;
			files = (
			);
			inputPaths = (
			);
			name = "[CP] Embed Pods Frameworks";
			outputPaths = (
			);
			runOnlyForDeploymentPostprocessing = 0;
			shellPath = /bin/sh;
			shellScript = "\"${SRCROOT}/Pods/Target Support Files/Pods-ACTIVESFUTests/Pods-ACTIVESFUTests-frameworks.sh\"\n";
			showEnvVarsInLog = 0;
		};
/* End PBXShellScriptBuildPhase section */

/* Begin PBXSourcesBuildPhase section */
		95107AFD1E451F41004F8461 /* Sources */ = {
			isa = PBXSourcesBuildPhase;
			buildActionMask = 2147483647;
			files = (
				95D894D51E6E6E7000E11F82 /* CreateEventController.swift in Sources */,
				95107B091E451F42004F8461 /* BuddiesViewController.swift in Sources */,
				95CA71791E7F12CC00D88AB4 /* GFGeoHashQuery.m in Sources */,
				1C44F4021E75219200047DB9 /* CalendarViewController.swift in Sources */,
				95107B051E451F42004F8461 /* AppDelegate.swift in Sources */,
				95D894C91E6E6B9200E11F82 /* Message.swift in Sources */,
				95CA71771E7F12CC00D88AB4 /* GFBase32Utils.m in Sources */,
				3E2400E01E6FC3EB00371805 /* QuestionController.swift in Sources */,
				3EDD266A1E6B8EDF00729365 /* MainViewController.swift in Sources */,
				3E2400E81E6FC93D00371805 /* ViewEventDetailController.swift in Sources */,
				3E2400E61E6FC81F00371805 /* Event.swift in Sources */,
				95CA71761E7F12CC00D88AB4 /* GeoFire.m in Sources */,
				3EE1AFE11E7DDFDE002813AE /* BookFacilityViewController.swift in Sources */,
				3EE33E111E6CF92500C3379F /* User.swift in Sources */,
				95D894C71E6E6AD200E11F82 /* ChatUserCell.swift in Sources */,
				95CA717A1E7F12CC00D88AB4 /* GFQuery.m in Sources */,
				95D894CD1E6E6C4100E11F82 /* ChatMessageController.swift in Sources */,
				95D894D11E6E6D8900E11F82 /* ChatLogController.swift in Sources */,
				95CA71631E7E5C0500D88AB4 /* ProfileViewController.swift in Sources */,
				95D894CB1E6E6C1B00E11F82 /* ChatInputContainer.swift in Sources */,
				95CA71781E7F12CC00D88AB4 /* GFGeoHash.m in Sources */,
				95CA71611E7E5BC000D88AB4 /* LocationViewController.swift in Sources */,
				95EFB39B1E654389006E8115 /* LoginViewController.swift in Sources */,
				95107B071E451F42004F8461 /* FindABuddyViewController.swift in Sources */,
			);
			runOnlyForDeploymentPostprocessing = 0;
		};
		95107B131E451F44004F8461 /* Sources */ = {
			isa = PBXSourcesBuildPhase;
			buildActionMask = 2147483647;
			files = (
				95107B1C1E451F44004F8461 /* ACTIVESFUTests.swift in Sources */,
			);
			runOnlyForDeploymentPostprocessing = 0;
		};
		95107B1E1E451F44004F8461 /* Sources */ = {
			isa = PBXSourcesBuildPhase;
			buildActionMask = 2147483647;
			files = (
				3E4AB8091E80AE7800467535 /* LoginViewUITests.swift in Sources */,
				3E4AB80B1E80AE7800467535 /* UITestCase.swift in Sources */,
				3E4AB80A1E80AE7800467535 /* MainViewUITests.swift in Sources */,
				95107B271E451F44004F8461 /* ACTIVESFUUITests.swift in Sources */,
				3E4AB80D1E80EC6F00467535 /* CalendarUITest.swift in Sources */,
			);
			runOnlyForDeploymentPostprocessing = 0;
		};
/* End PBXSourcesBuildPhase section */

/* Begin PBXTargetDependency section */
		95107B191E451F44004F8461 /* PBXTargetDependency */ = {
			isa = PBXTargetDependency;
			target = 95107B001E451F41004F8461 /* ACTIVESFU */;
			targetProxy = 95107B181E451F44004F8461 /* PBXContainerItemProxy */;
		};
		95107B241E451F44004F8461 /* PBXTargetDependency */ = {
			isa = PBXTargetDependency;
			target = 95107B001E451F41004F8461 /* ACTIVESFU */;
			targetProxy = 95107B231E451F44004F8461 /* PBXContainerItemProxy */;
		};
/* End PBXTargetDependency section */

/* Begin PBXVariantGroup section */
		95107B0F1E451F43004F8461 /* LaunchScreen.storyboard */ = {
			isa = PBXVariantGroup;
			children = (
				95107B101E451F43004F8461 /* Base */,
			);
			name = LaunchScreen.storyboard;
			sourceTree = "<group>";
		};
/* End PBXVariantGroup section */

/* Begin XCBuildConfiguration section */
		95107B291E451F44004F8461 /* Debug */ = {
			isa = XCBuildConfiguration;
			buildSettings = {
				ALWAYS_SEARCH_USER_PATHS = NO;
				CLANG_ANALYZER_NONNULL = YES;
				CLANG_CXX_LANGUAGE_STANDARD = "gnu++0x";
				CLANG_CXX_LIBRARY = "libc++";
				CLANG_ENABLE_MODULES = YES;
				CLANG_ENABLE_OBJC_ARC = YES;
				CLANG_WARN_BOOL_CONVERSION = YES;
				CLANG_WARN_CONSTANT_CONVERSION = YES;
				CLANG_WARN_DIRECT_OBJC_ISA_USAGE = YES_ERROR;
				CLANG_WARN_DOCUMENTATION_COMMENTS = YES;
				CLANG_WARN_EMPTY_BODY = YES;
				CLANG_WARN_ENUM_CONVERSION = YES;
				CLANG_WARN_INFINITE_RECURSION = YES;
				CLANG_WARN_INT_CONVERSION = YES;
				CLANG_WARN_OBJC_ROOT_CLASS = YES_ERROR;
				CLANG_WARN_SUSPICIOUS_MOVE = YES;
				CLANG_WARN_UNREACHABLE_CODE = YES;
				CLANG_WARN__DUPLICATE_METHOD_MATCH = YES;
				"CODE_SIGN_IDENTITY[sdk=iphoneos*]" = "iPhone Developer";
				COPY_PHASE_STRIP = NO;
				DEBUG_INFORMATION_FORMAT = dwarf;
				ENABLE_STRICT_OBJC_MSGSEND = YES;
				ENABLE_TESTABILITY = YES;
				GCC_C_LANGUAGE_STANDARD = gnu99;
				GCC_DYNAMIC_NO_PIC = NO;
				GCC_NO_COMMON_BLOCKS = YES;
				GCC_OPTIMIZATION_LEVEL = 0;
				GCC_PREPROCESSOR_DEFINITIONS = (
					"DEBUG=1",
					"$(inherited)",
				);
				GCC_WARN_64_TO_32_BIT_CONVERSION = YES;
				GCC_WARN_ABOUT_RETURN_TYPE = YES_ERROR;
				GCC_WARN_UNDECLARED_SELECTOR = YES;
				GCC_WARN_UNINITIALIZED_AUTOS = YES_AGGRESSIVE;
				GCC_WARN_UNUSED_FUNCTION = YES;
				GCC_WARN_UNUSED_VARIABLE = YES;
				IPHONEOS_DEPLOYMENT_TARGET = 10.2;
				MTL_ENABLE_DEBUG_INFO = YES;
				ONLY_ACTIVE_ARCH = YES;
				SDKROOT = iphoneos;
				SWIFT_ACTIVE_COMPILATION_CONDITIONS = DEBUG;
				SWIFT_OPTIMIZATION_LEVEL = "-Onone";
			};
			name = Debug;
		};
		95107B2A1E451F44004F8461 /* Release */ = {
			isa = XCBuildConfiguration;
			buildSettings = {
				ALWAYS_SEARCH_USER_PATHS = NO;
				CLANG_ANALYZER_NONNULL = YES;
				CLANG_CXX_LANGUAGE_STANDARD = "gnu++0x";
				CLANG_CXX_LIBRARY = "libc++";
				CLANG_ENABLE_MODULES = YES;
				CLANG_ENABLE_OBJC_ARC = YES;
				CLANG_WARN_BOOL_CONVERSION = YES;
				CLANG_WARN_CONSTANT_CONVERSION = YES;
				CLANG_WARN_DIRECT_OBJC_ISA_USAGE = YES_ERROR;
				CLANG_WARN_DOCUMENTATION_COMMENTS = YES;
				CLANG_WARN_EMPTY_BODY = YES;
				CLANG_WARN_ENUM_CONVERSION = YES;
				CLANG_WARN_INFINITE_RECURSION = YES;
				CLANG_WARN_INT_CONVERSION = YES;
				CLANG_WARN_OBJC_ROOT_CLASS = YES_ERROR;
				CLANG_WARN_SUSPICIOUS_MOVE = YES;
				CLANG_WARN_UNREACHABLE_CODE = YES;
				CLANG_WARN__DUPLICATE_METHOD_MATCH = YES;
				"CODE_SIGN_IDENTITY[sdk=iphoneos*]" = "iPhone Developer";
				COPY_PHASE_STRIP = NO;
				DEBUG_INFORMATION_FORMAT = "dwarf-with-dsym";
				ENABLE_NS_ASSERTIONS = NO;
				ENABLE_STRICT_OBJC_MSGSEND = YES;
				GCC_C_LANGUAGE_STANDARD = gnu99;
				GCC_NO_COMMON_BLOCKS = YES;
				GCC_WARN_64_TO_32_BIT_CONVERSION = YES;
				GCC_WARN_ABOUT_RETURN_TYPE = YES_ERROR;
				GCC_WARN_UNDECLARED_SELECTOR = YES;
				GCC_WARN_UNINITIALIZED_AUTOS = YES_AGGRESSIVE;
				GCC_WARN_UNUSED_FUNCTION = YES;
				GCC_WARN_UNUSED_VARIABLE = YES;
				IPHONEOS_DEPLOYMENT_TARGET = 10.2;
				MTL_ENABLE_DEBUG_INFO = NO;
				SDKROOT = iphoneos;
				SWIFT_OPTIMIZATION_LEVEL = "-Owholemodule";
				VALIDATE_PRODUCT = YES;
			};
			name = Release;
		};
		95107B2C1E451F44004F8461 /* Debug */ = {
			isa = XCBuildConfiguration;
			baseConfigurationReference = E025E92FA2FAD172EC664369 /* Pods-ACTIVESFU.debug.xcconfig */;
			buildSettings = {
				ASSETCATALOG_COMPILER_APPICON_NAME = AppIcon;
				CODE_SIGN_ENTITLEMENTS = ACTIVESFU/ACTIVESFU.entitlements;
				DEVELOPMENT_TEAM = "";
				INFOPLIST_FILE = ACTIVESFU/Info.plist;
				LD_RUNPATH_SEARCH_PATHS = "$(inherited) @executable_path/Frameworks";
				PRODUCT_BUNDLE_IDENTIFIER = ActiveSFU.CMPT276g10;
				PRODUCT_NAME = "$(TARGET_NAME)";
				SWIFT_VERSION = 3.0;
			};
			name = Debug;
		};
		95107B2D1E451F44004F8461 /* Release */ = {
			isa = XCBuildConfiguration;
			baseConfigurationReference = FF85CF8795E2223190EA267B /* Pods-ACTIVESFU.release.xcconfig */;
			buildSettings = {
				ASSETCATALOG_COMPILER_APPICON_NAME = AppIcon;
				CODE_SIGN_ENTITLEMENTS = ACTIVESFU/ACTIVESFU.entitlements;
				DEVELOPMENT_TEAM = "";
				INFOPLIST_FILE = ACTIVESFU/Info.plist;
				LD_RUNPATH_SEARCH_PATHS = "$(inherited) @executable_path/Frameworks";
				PRODUCT_BUNDLE_IDENTIFIER = ActiveSFU.CMPT276g10;
				PRODUCT_NAME = "$(TARGET_NAME)";
				SWIFT_VERSION = 3.0;
			};
			name = Release;
		};
		95107B2F1E451F44004F8461 /* Debug */ = {
			isa = XCBuildConfiguration;
			baseConfigurationReference = 392372E78D7186AE0C5733F4 /* Pods-ACTIVESFUTests.debug.xcconfig */;
			buildSettings = {
				ALWAYS_EMBED_SWIFT_STANDARD_LIBRARIES = YES;
				BUNDLE_LOADER = "$(TEST_HOST)";
				DEVELOPMENT_TEAM = HWF627ABEC;
				INFOPLIST_FILE = ACTIVESFUTests/Info.plist;
				LD_RUNPATH_SEARCH_PATHS = "$(inherited) @executable_path/Frameworks @loader_path/Frameworks";
				PRODUCT_BUNDLE_IDENTIFIER = CMPT276group10.ACTIVESFUTests;
				PRODUCT_NAME = "$(TARGET_NAME)";
				SWIFT_VERSION = 3.0;
				TEST_HOST = "$(BUILT_PRODUCTS_DIR)/ACTIVESFU.app/ACTIVESFU";
			};
			name = Debug;
		};
		95107B301E451F44004F8461 /* Release */ = {
			isa = XCBuildConfiguration;
			baseConfigurationReference = F49C0F919B3C10E5653E27D7 /* Pods-ACTIVESFUTests.release.xcconfig */;
			buildSettings = {
				ALWAYS_EMBED_SWIFT_STANDARD_LIBRARIES = YES;
				BUNDLE_LOADER = "$(TEST_HOST)";
				DEVELOPMENT_TEAM = HWF627ABEC;
				INFOPLIST_FILE = ACTIVESFUTests/Info.plist;
				LD_RUNPATH_SEARCH_PATHS = "$(inherited) @executable_path/Frameworks @loader_path/Frameworks";
				PRODUCT_BUNDLE_IDENTIFIER = CMPT276group10.ACTIVESFUTests;
				PRODUCT_NAME = "$(TARGET_NAME)";
				SWIFT_VERSION = 3.0;
				TEST_HOST = "$(BUILT_PRODUCTS_DIR)/ACTIVESFU.app/ACTIVESFU";
			};
			name = Release;
		};
		95107B321E451F44004F8461 /* Debug */ = {
			isa = XCBuildConfiguration;
			baseConfigurationReference = 1078E89B049A82869D7DB30A /* Pods-ACTIVESFUUITests.debug.xcconfig */;
			buildSettings = {
				ALWAYS_EMBED_SWIFT_STANDARD_LIBRARIES = YES;
				DEVELOPMENT_TEAM = HWF627ABEC;
				INFOPLIST_FILE = ACTIVESFUUITests/Info.plist;
				LD_RUNPATH_SEARCH_PATHS = "$(inherited) @executable_path/Frameworks @loader_path/Frameworks";
				PRODUCT_BUNDLE_IDENTIFIER = CMPT276group10.ACTIVESFUUITests;
				PRODUCT_NAME = "$(TARGET_NAME)";
				SWIFT_VERSION = 3.0;
				TEST_TARGET_NAME = ACTIVESFU;
			};
			name = Debug;
		};
		95107B331E451F44004F8461 /* Release */ = {
			isa = XCBuildConfiguration;
			baseConfigurationReference = D1D7DEB50C172A2C05546CBB /* Pods-ACTIVESFUUITests.release.xcconfig */;
			buildSettings = {
				ALWAYS_EMBED_SWIFT_STANDARD_LIBRARIES = YES;
				DEVELOPMENT_TEAM = HWF627ABEC;
				INFOPLIST_FILE = ACTIVESFUUITests/Info.plist;
				LD_RUNPATH_SEARCH_PATHS = "$(inherited) @executable_path/Frameworks @loader_path/Frameworks";
				PRODUCT_BUNDLE_IDENTIFIER = CMPT276group10.ACTIVESFUUITests;
				PRODUCT_NAME = "$(TARGET_NAME)";
				SWIFT_VERSION = 3.0;
				TEST_TARGET_NAME = ACTIVESFU;
			};
			name = Release;
		};
/* End XCBuildConfiguration section */

/* Begin XCConfigurationList section */
		95107AFC1E451F41004F8461 /* Build configuration list for PBXProject "ACTIVESFU" */ = {
			isa = XCConfigurationList;
			buildConfigurations = (
				95107B291E451F44004F8461 /* Debug */,
				95107B2A1E451F44004F8461 /* Release */,
			);
			defaultConfigurationIsVisible = 0;
			defaultConfigurationName = Release;
		};
		95107B2B1E451F44004F8461 /* Build configuration list for PBXNativeTarget "ACTIVESFU" */ = {
			isa = XCConfigurationList;
			buildConfigurations = (
				95107B2C1E451F44004F8461 /* Debug */,
				95107B2D1E451F44004F8461 /* Release */,
			);
			defaultConfigurationIsVisible = 0;
			defaultConfigurationName = Release;
		};
		95107B2E1E451F44004F8461 /* Build configuration list for PBXNativeTarget "ACTIVESFUTests" */ = {
			isa = XCConfigurationList;
			buildConfigurations = (
				95107B2F1E451F44004F8461 /* Debug */,
				95107B301E451F44004F8461 /* Release */,
			);
			defaultConfigurationIsVisible = 0;
			defaultConfigurationName = Release;
		};
		95107B311E451F44004F8461 /* Build configuration list for PBXNativeTarget "ACTIVESFUUITests" */ = {
			isa = XCConfigurationList;
			buildConfigurations = (
				95107B321E451F44004F8461 /* Debug */,
				95107B331E451F44004F8461 /* Release */,
			);
			defaultConfigurationIsVisible = 0;
			defaultConfigurationName = Release;
		};
/* End XCConfigurationList section */
	};
	rootObject = 95107AF91E451F41004F8461 /* Project object */;
}
